
Microsoft Visual Studio Solution File, Format Version 12.00
# Visual Studio Version 17
VisualStudioVersion = 17.4.33403.182
MinimumVisualStudioVersion = 10.0.40219.1
Project("{FAE04EC0-301F-11D3-BF4B-00C04F79EFBC}") = "Books", "Books.csproj", "{9B27912F-FCA7-476B-ADC2-27010C054EA4}"
EndProject
Global
	GlobalSection(SolutionConfigurationPlatforms) = preSolution
		Debug|Any CPU = Debug|Any CPU
		Release|Any CPU = Release|Any CPU
	EndGlobalSection
	GlobalSection(ProjectConfigurationPlatforms) = postSolution
		{9B27912F-FCA7-476B-ADC2-27010C054EA4}.Debug|Any CPU.ActiveCfg = Debug|Any CPU
		{9B27912F-FCA7-476B-ADC2-27010C054EA4}.Debug|Any CPU.Build.0 = Debug|Any CPU
		{9B27912F-FCA7-476B-ADC2-27010C054EA4}.Release|Any CPU.ActiveCfg = Release|Any CPU
		{9B27912F-FCA7-476B-ADC2-27010C054EA4}.Release|Any CPU.Build.0 = Release|Any CPU
	EndGlobalSection
	GlobalSection(SolutionProperties) = preSolution
		HideSolutionNode = FALSE
	EndGlobalSection
	GlobalSection(ExtensibilityGlobals) = postSolution
		SolutionGuid = {61681A2B-B01D-4E17-BD3A-5928160FC33A}
	EndGlobalSection
EndGlobal
